{
  "name": "tedi-background-remover",
  "version": "1.0.0",
  "lockfileVersion": 3,
  "requires": true,
  "packages": {
    "": {
      "name": "tedi-background-remover",
      "version": "1.0.0",
      "license": "ISC",
      "dependencies": {
        "jsfeat": "0.0.8",
        "stackblur": "1.0.0"
      }
    },
    "node_modules/jsfeat": {
      "version": "0.0.8",
      "resolved": "https://registry.npmjs.org/jsfeat/-/jsfeat-0.0.8.tgz",
      "integrity": "sha512-wG2Rzv9ywe2KGnX+N8VJtFO0srwyZaRmV8cBjsE52PCNdNJk8nVGtiK9HQ5wZZ5fUxk3wVPqV3zr8KxQjulR3w=="
    },
    "node_modules/stackblur": {
      "version": "1.0.0",
      "resolved": "https://registry.npmjs.org/stackblur/-/stackblur-1.0.0.tgz",
      "integrity": "sha512-K92JX8alrs0pTox5U2arVBqB8tJmak9dh9i4Xausy94TnnGMdLfTn7P2Dp/NOzlmxvEs7lDzeryo8YqOy0BHRQ=="
    }
  }
}
